
Microsoft Visual Studio Solution File, Format Version 12.00
# Visual Studio Version 17
VisualStudioVersion = 17.2.32630.192
MinimumVisualStudioVersion = 10.0.40219.1
Project("{FAE04EC0-301F-11D3-BF4B-00C04F79EFBC}") = "FileFolder", "FileFolder\FileFolder.csproj", "{AB73B573-2F12-437F-840F-E274DEEB3307}"
EndProject
Global
	GlobalSection(SolutionConfigurationPlatforms) = preSolution
		Debug|Any CPU = Debug|Any CPU
		Release|Any CPU = Release|Any CPU
	EndGlobalSection
	GlobalSection(ProjectConfigurationPlatforms) = postSolution
		{AB73B573-2F12-437F-840F-E274DEEB3307}.Debug|Any CPU.ActiveCfg = Debug|Any CPU
		{AB73B573-2F12-437F-840F-E274DEEB3307}.Debug|Any CPU.Build.0 = Debug|Any CPU
		{AB73B573-2F12-437F-840F-E274DEEB3307}.Release|Any CPU.ActiveCfg = Release|Any CPU
		{AB73B573-2F12-437F-840F-E274DEEB3307}.Release|Any CPU.Build.0 = Release|Any CPU
	EndGlobalSection
	GlobalSection(SolutionProperties) = preSolution
		HideSolutionNode = FALSE
	EndGlobalSection
	GlobalSection(ExtensibilityGlobals) = postSolution
		SolutionGuid = {24F07D04-2264-42C6-AD75-A7724C2D17D5}
	EndGlobalSection
EndGlobal
